
Microsoft Visual Studio Solution File, Format Version 12.00
# Visual Studio Version 17
VisualStudioVersion = 17.0.31717.71
MinimumVisualStudioVersion = 10.0.40219.1
Project("{FAE04EC0-301F-11D3-BF4B-00C04F79EFBC}") = "SchtormRun", "SchtormRun\SchtormRun.csproj", "{199DF842-287A-4895-8995-75AA2E457B41}"
EndProject
Global
	GlobalSection(SolutionConfigurationPlatforms) = preSolution
		Debug|Any CPU = Debug|Any CPU
		Release|Any CPU = Release|Any CPU
	EndGlobalSection
	GlobalSection(ProjectConfigurationPlatforms) = postSolution
		{199DF842-287A-4895-8995-75AA2E457B41}.Debug|Any CPU.ActiveCfg = Debug|Any CPU
		{199DF842-287A-4895-8995-75AA2E457B41}.Debug|Any CPU.Build.0 = Debug|Any CPU
		{199DF842-287A-4895-8995-75AA2E457B41}.Release|Any CPU.ActiveCfg = Release|Any CPU
		{199DF842-287A-4895-8995-75AA2E457B41}.Release|Any CPU.Build.0 = Release|Any CPU
	EndGlobalSection
	GlobalSection(SolutionProperties) = preSolution
		HideSolutionNode = FALSE
	EndGlobalSection
	GlobalSection(ExtensibilityGlobals) = postSolution
		SolutionGuid = {C09268EC-C83D-4569-89B7-315C7E544F89}
	EndGlobalSection
EndGlobal
